// !$*UTF8*$!
{
	archiveVersion = 1;
	classes = {
	};
	objectVersion = 50;
	objects = {

/* Begin PBXBuildFile section */
		5334B81625F0669900FD1FCC /* WordScrambleApp.swift in Sources */ = {isa = PBXBuildFile; fileRef = 5334B80325F0669700FD1FCC /* WordScrambleApp.swift */; };
		5334B81725F0669900FD1FCC /* WordScrambleApp.swift in Sources */ = {isa = PBXBuildFile; fileRef = 5334B80325F0669700FD1FCC /* WordScrambleApp.swift */; };
		5334B81825F0669900FD1FCC /* ContentView.swift in Sources */ = {isa = PBXBuildFile; fileRef = 5334B80425F0669700FD1FCC /* ContentView.swift */; };
		5334B81925F0669900FD1FCC /* ContentView.swift in Sources */ = {isa = PBXBuildFile; fileRef = 5334B80425F0669700FD1FCC /* ContentView.swift */; };
		5334B81A25F0669900FD1FCC /* Assets.xcassets in Resources */ = {isa = PBXBuildFile; fileRef = 5334B80525F0669900FD1FCC /* Assets.xcassets */; };
		5334B81B25F0669900FD1FCC /* Assets.xcassets in Resources */ = {isa = PBXBuildFile; fileRef = 5334B80525F0669900FD1FCC /* Assets.xcassets */; };
		538B274125F254F7001AA25D /* start.txt in Resources */ = {isa = PBXBuildFile; fileRef = 538B274025F254F7001AA25D /* start.txt */; };
		538B274225F254F7001AA25D /* start.txt in Resources */ = {isa = PBXBuildFile; fileRef = 538B274025F254F7001AA25D /* start.txt */; };
/* End PBXBuildFile section */

/* Begin PBXFileReference section */
		5334B80325F0669700FD1FCC /* WordScrambleApp.swift */ = {isa = PBXFileReference; lastKnownFileType = sourcecode.swift; path = WordScrambleApp.swift; sourceTree = "<group>"; };
		5334B80425F0669700FD1FCC /* ContentView.swift */ = {isa = PBXFileReference; lastKnownFileType = sourcecode.swift; path = ContentView.swift; sourceTree = "<group>"; };
		5334B80525F0669900FD1FCC /* Assets.xcassets */ = {isa = PBXFileReference; lastKnownFileType = folder.assetcatalog; path = Assets.xcassets; sourceTree = "<group>"; };
		5334B80A25F0669900FD1FCC /* WordScramble.app */ = {isa = PBXFileReference; explicitFileType = wrapper.application; includeInIndex = 0; path = WordScramble.app; sourceTree = BUILT_PRODUCTS_DIR; };
		5334B80D25F0669900FD1FCC /* Info.plist */ = {isa = PBXFileReference; lastKnownFileType = text.plist.xml; path = Info.plist; sourceTree = "<group>"; };
		5334B81225F0669900FD1FCC /* WordScramble.app */ = {isa = PBXFileReference; explicitFileType = wrapper.application; includeInIndex = 0; path = WordScramble.app; sourceTree = BUILT_PRODUCTS_DIR; };
		5334B81425F0669900FD1FCC /* Info.plist */ = {isa = PBXFileReference; lastKnownFileType = text.plist.xml; path = Info.plist; sourceTree = "<group>"; };
		5334B81525F0669900FD1FCC /* macOS.entitlements */ = {isa = PBXFileReference; lastKnownFileType = text.plist.entitlements; path = macOS.entitlements; sourceTree = "<group>"; };
		538B274025F254F7001AA25D /* start.txt */ = {isa = PBXFileReference; fileEncoding = 4; lastKnownFileType = text; name = start.txt; path = "../../../../Downloads/HackingWithSwift-main/SwiftUI/project5-files/start.txt"; sourceTree = "<group>"; };
		538B274725F257D5001AA25D /* start.txt */ = {isa = PBXFileReference; lastKnownFileType = text; path = start.txt; sourceTree = "<group>"; };
		538B274C25F25842001AA25D /* start.txt */ = {isa = PBXFileReference; lastKnownFileType = text; name = start.txt; path = "../../../../Downloads/HackingWithSwift-main/SwiftUI/project5-files/start.txt"; sourceTree = "<group>"; };
		538B274D25F25845001AA25D /* start.txt */ = {isa = PBXFileReference; lastKnownFileType = text; path = start.txt; sourceTree = "<group>"; };
		538B275025F258C5001AA25D /* start.txt */ = {isa = PBXFileReference; lastKnownFileType = text; path = start.txt; sourceTree = "<group>"; };
/* End PBXFileReference section */

/* Begin PBXFrameworksBuildPhase section */
		5334B80725F0669900FD1FCC /* Frameworks */ = {
			isa = PBXFrameworksBuildPhase;
			buildActionMask = 2147483647;
			files = (
			);
			runOnlyForDeploymentPostprocessing = 0;
		};
		5334B80F25F0669900FD1FCC /* Frameworks */ = {
			isa = PBXFrameworksBuildPhase;
			buildActionMask = 2147483647;
			files = (
			);
			runOnlyForDeploymentPostprocessing = 0;
		};
/* End PBXFrameworksBuildPhase section */

/* Begin PBXGroup section */
		5334B7FD25F0669700FD1FCC = {
			isa = PBXGroup;
			children = (
				538B275025F258C5001AA25D /* start.txt */,
				5334B80225F0669700FD1FCC /* Shared */,
				5334B80C25F0669900FD1FCC /* iOS */,
				5334B81325F0669900FD1FCC /* macOS */,
				5334B80B25F0669900FD1FCC /* Products */,
			);
			sourceTree = "<group>";
		};
		5334B80225F0669700FD1FCC /* Shared */ = {
			isa = PBXGroup;
			children = (
				5334B80325F0669700FD1FCC /* WordScrambleApp.swift */,
				5334B80425F0669700FD1FCC /* ContentView.swift */,
				538B274025F254F7001AA25D /* start.txt */,
				5334B80525F0669900FD1FCC /* Assets.xcassets */,
			);
			path = Shared;
			sourceTree = "<group>";
		};
		5334B80B25F0669900FD1FCC /* Products */ = {
			isa = PBXGroup;
			children = (
				5334B80A25F0669900FD1FCC /* WordScramble.app */,
				5334B81225F0669900FD1FCC /* WordScramble.app */,
			);
			name = Products;
			sourceTree = "<group>";
		};
		5334B80C25F0669900FD1FCC /* iOS */ = {
			isa = PBXGroup;
			children = (
				538B274725F257D5001AA25D /* start.txt */,
				5334B80D25F0669900FD1FCC /* Info.plist */,
				538B274C25F25842001AA25D /* start.txt */,
			);
			path = iOS;
			sourceTree = "<group>";
		};
		5334B81325F0669900FD1FCC /* macOS */ = {
			isa = PBXGroup;
			children = (
				5334B81425F0669900FD1FCC /* Info.plist */,
				5334B81525F0669900FD1FCC /* macOS.entitlements */,
				538B274D25F25845001AA25D /* start.txt */,
			);
			path = macOS;
			sourceTree = "<group>";
		};
/* End PBXGroup section */

/* Begin PBXNativeTarget section */
		5334B80925F0669900FD1FCC /* WordScramble (iOS) */ = {
			isa = PBXNativeTarget;
			buildConfigurationList = 5334B81E25F0669900FD1FCC /* Build configuration list for PBXNativeTarget "WordScramble (iOS)" */;
			buildPhases = (
				5334B80625F0669900FD1FCC /* Sources */,
				5334B80725F0669900FD1FCC /* Frameworks */,
				5334B80825F0669900FD1FCC /* Resources */,
			);
			buildRules = (
			);
			dependencies = (
			);
			name = "WordScramble (iOS)";
			productName = "WordScramble (iOS)";
			productReference = 5334B80A25F0669900FD1FCC /* WordScramble.app */;
			productType = "com.apple.product-type.application";
		};
		5334B81125F0669900FD1FCC /* WordScramble (macOS) */ = {
			isa = PBXNativeTarget;
			buildConfigurationList = 5334B82125F0669900FD1FCC /* Build configuration list for PBXNativeTarget "WordScramble (macOS)" */;
			buildPhases = (
				5334B80E25F0669900FD1FCC /* Sources */,
				5334B80F25F0669900FD1FCC /* Frameworks */,
				5334B81025F0669900FD1FCC /* Resources */,
			);
			buildRules = (
			);
			dependencies = (
			);
			name = "WordScramble (macOS)";
			productName = "WordScramble (macOS)";
			productReference = 5334B81225F0669900FD1FCC /* WordScramble.app */;
			productType = "com.apple.product-type.application";
		};
/* End PBXNativeTarget section */

/* Begin PBXProject section */
		5334B7FE25F0669700FD1FCC /* Project object */ = {
			isa = PBXProject;
			attributes = {
				LastSwiftUpdateCheck = 1240;
				LastUpgradeCheck = 1240;
				TargetAttributes = {
					5334B80925F0669900FD1FCC = {
						CreatedOnToolsVersion = 12.4;
					};
					5334B81125F0669900FD1FCC = {
						CreatedOnToolsVersion = 12.4;
					};
				};
			};
			buildConfigurationList = 5334B80125F0669700FD1FCC /* Build configuration list for PBXProject "WordScramble" */;
			compatibilityVersion = "Xcode 9.3";
			developmentRegion = en;
			hasScannedForEncodings = 0;
			knownRegions = (
				en,
				Base,
			);
			mainGroup = 5334B7FD25F0669700FD1FCC;
			productRefGroup = 5334B80B25F0669900FD1FCC /* Products */;
			projectDirPath = "";
			projectRoot = "";
			targets = (
				5334B80925F0669900FD1FCC /* WordScramble (iOS) */,
				5334B81125F0669900FD1FCC /* WordScramble (macOS) */,
			);
		};
/* End PBXProject section */

/* Begin PBXResourcesBuildPhase section */
		5334B80825F0669900FD1FCC /* Resources */ = {
			isa = PBXResourcesBuildPhase;
			buildActionMask = 2147483647;
			files = (
				5334B81A25F0669900FD1FCC /* Assets.xcassets in Resources */,
				538B274125F254F7001AA25D /* start.txt in Resources */,
			);
			runOnlyForDeploymentPostprocessing = 0;
		};
		5334B81025F0669900FD1FCC /* Resources */ = {
			isa = PBXResourcesBuildPhase;
			buildActionMask = 2147483647;
			files = (
				5334B81B25F0669900FD1FCC /* Assets.xcassets in Resources */,
				538B274225F254F7001AA25D /* start.txt in Resources */,
			);
			runOnlyForDeploymentPostprocessing = 0;
		};
/* End PBXResourcesBuildPhase section */

/* Begin PBXSourcesBuildPhase section */
		5334B80625F0669900FD1FCC /* Sources */ = {
			isa = PBXSourcesBuildPhase;
			buildActionMask = 2147483647;
			files = (
				5334B81825F0669900FD1FCC /* ContentView.swift in Sources */,
				5334B81625F0669900FD1FCC /* WordScrambleApp.swift in Sources */,
			);
			runOnlyForDeploymentPostprocessing = 0;
		};
		5334B80E25F0669900FD1FCC /* Sources */ = {
			isa = PBXSourcesBuildPhase;
			buildActionMask = 2147483647;
			files = (
				5334B81925F0669900FD1FCC /* ContentView.swift in Sources */,
				5334B81725F0669900FD1FCC /* WordScrambleApp.swift in Sources */,
			);
			runOnlyForDeploymentPostprocessing = 0;
		};
/* End PBXSourcesBuildPhase section */

/* Begin XCBuildConfiguration section */
		5334B81C25F0669900FD1FCC /* Debug */ = {
			isa = XCBuildConfiguration;
			buildSettings = {
				ALWAYS_SEARCH_USER_PATHS = NO;
				CLANG_ANALYZER_NONNULL = YES;
				CLANG_ANALYZER_NUMBER_OBJECT_CONVERSION = YES_AGGRESSIVE;
				CLANG_CXX_LANGUAGE_STANDARD = "gnu++14";
				CLANG_CXX_LIBRARY = "libc++";
				CLANG_ENABLE_MODULES = YES;
				CLANG_ENABLE_OBJC_ARC = YES;
				CLANG_ENABLE_OBJC_WEAK = YES;
				CLANG_WARN_BLOCK_CAPTURE_AUTORELEASING = YES;
				CLANG_WARN_BOOL_CONVERSION = YES;
				CLANG_WARN_COMMA = YES;
				CLANG_WARN_CONSTANT_CONVERSION = YES;
				CLANG_WARN_DEPRECATED_OBJC_IMPLEMENTATIONS = YES;
				CLANG_WARN_DIRECT_OBJC_ISA_USAGE = YES_ERROR;
				CLANG_WARN_DOCUMENTATION_COMMENTS = YES;
				CLANG_WARN_EMPTY_BODY = YES;
				CLANG_WARN_ENUM_CONVERSION = YES;
				CLANG_WARN_INFINITE_RECURSION = YES;
				CLANG_WARN_INT_CONVERSION = YES;
				CLANG_WARN_NON_LITERAL_NULL_CONVERSION = YES;
				CLANG_WARN_OBJC_IMPLICIT_RETAIN_SELF = YES;
				CLANG_WARN_OBJC_LITERAL_CONVERSION = YES;
				CLANG_WARN_OBJC_ROOT_CLASS = YES_ERROR;
				CLANG_WARN_QUOTED_INCLUDE_IN_FRAMEWORK_HEADER = YES;
				CLANG_WARN_RANGE_LOOP_ANALYSIS = YES;
				CLANG_WARN_STRICT_PROTOTYPES = YES;
				CLANG_WARN_SUSPICIOUS_MOVE = YES;
				CLANG_WARN_UNGUARDED_AVAILABILITY = YES_AGGRESSIVE;
				CLANG_WARN_UNREACHABLE_CODE = YES;
				CLANG_WARN__DUPLICATE_METHOD_MATCH = YES;
				COPY_PHASE_STRIP = NO;
				DEBUG_INFORMATION_FORMAT = dwarf;
				ENABLE_STRICT_OBJC_MSGSEND = YES;
				ENABLE_TESTABILITY = YES;
				GCC_C_LANGUAGE_STANDARD = gnu11;
				GCC_DYNAMIC_NO_PIC = NO;
				GCC_NO_COMMON_BLOCKS = YES;
				GCC_OPTIMIZATION_LEVEL = 0;
				GCC_PREPROCESSOR_DEFINITIONS = (
					"DEBUG=1",
					"$(inherited)",
				);
				GCC_WARN_64_TO_32_BIT_CONVERSION = YES;
				GCC_WARN_ABOUT_RETURN_TYPE = YES_ERROR;
				GCC_WARN_UNDECLARED_SELECTOR = YES;
				GCC_WARN_UNINITIALIZED_AUTOS = YES_AGGRESSIVE;
				GCC_WARN_UNUSED_FUNCTION = YES;
				GCC_WARN_UNUSED_VARIABLE = YES;
				MTL_ENABLE_DEBUG_INFO = INCLUDE_SOURCE;
				MTL_FAST_MATH = YES;
				ONLY_ACTIVE_ARCH = YES;
				SWIFT_ACTIVE_COMPILATION_CONDITIONS = DEBUG;
				SWIFT_OPTIMIZATION_LEVEL = "-Onone";
			};
			name = Debug;
		};
		5334B81D25F0669900FD1FCC /* Release */ = {
			isa = XCBuildConfiguration;
			buildSettings = {
				ALWAYS_SEARCH_USER_PATHS = NO;
				CLANG_ANALYZER_NONNULL = YES;
				CLANG_ANALYZER_NUMBER_OBJECT_CONVERSION = YES_AGGRESSIVE;
				CLANG_CXX_LANGUAGE_STANDARD = "gnu++14";
				CLANG_CXX_LIBRARY = "libc++";
				CLANG_ENABLE_MODULES = YES;
				CLANG_ENABLE_OBJC_ARC = YES;
				CLANG_ENABLE_OBJC_WEAK = YES;
				CLANG_WARN_BLOCK_CAPTURE_AUTORELEASING = YES;
				CLANG_WARN_BOOL_CONVERSION = YES;
				CLANG_WARN_COMMA = YES;
				CLANG_WARN_CONSTANT_CONVERSION = YES;
				CLANG_WARN_DEPRECATED_OBJC_IMPLEMENTATIONS = YES;
				CLANG_WARN_DIRECT_OBJC_ISA_USAGE = YES_ERROR;
				CLANG_WARN_DOCUMENTATION_COMMENTS = YES;
				CLANG_WARN_EMPTY_BODY = YES;
				CLANG_WARN_ENUM_CONVERSION = YES;
				CLANG_WARN_INFINITE_RECURSION = YES;
				CLANG_WARN_INT_CONVERSION = YES;
				CLANG_WARN_NON_LITERAL_NULL_CONVERSION = YES;
				CLANG_WARN_OBJC_IMPLICIT_RETAIN_SELF = YES;
				CLANG_WARN_OBJC_LITERAL_CONVERSION = YES;
				CLANG_WARN_OBJC_ROOT_CLASS = YES_ERROR;
				CLANG_WARN_QUOTED_INCLUDE_IN_FRAMEWORK_HEADER = YES;
				CLANG_WARN_RANGE_LOOP_ANALYSIS = YES;
				CLANG_WARN_STRICT_PROTOTYPES = YES;
				CLANG_WARN_SUSPICIOUS_MOVE = YES;
				CLANG_WARN_UNGUARDED_AVAILABILITY = YES_AGGRESSIVE;
				CLANG_WARN_UNREACHABLE_CODE = YES;
				CLANG_WARN__DUPLICATE_METHOD_MATCH = YES;
				COPY_PHASE_STRIP = NO;
				DEBUG_INFORMATION_FORMAT = "dwarf-with-dsym";
				ENABLE_NS_ASSERTIONS = NO;
				ENABLE_STRICT_OBJC_MSGSEND = YES;
				GCC_C_LANGUAGE_STANDARD = gnu11;
				GCC_NO_COMMON_BLOCKS = YES;
				GCC_WARN_64_TO_32_BIT_CONVERSION = YES;
				GCC_WARN_ABOUT_RETURN_TYPE = YES_ERROR;
				GCC_WARN_UNDECLARED_SELECTOR = YES;
				GCC_WARN_UNINITIALIZED_AUTOS = YES_AGGRESSIVE;
				GCC_WARN_UNUSED_FUNCTION = YES;
				GCC_WARN_UNUSED_VARIABLE = YES;
				MTL_ENABLE_DEBUG_INFO = NO;
				MTL_FAST_MATH = YES;
				SWIFT_COMPILATION_MODE = wholemodule;
				SWIFT_OPTIMIZATION_LEVEL = "-O";
			};
			name = Release;
		};
		5334B81F25F0669900FD1FCC /* Debug */ = {
			isa = XCBuildConfiguration;
			buildSettings = {
				ASSETCATALOG_COMPILER_APPICON_NAME = AppIcon;
				ASSETCATALOG_COMPILER_GLOBAL_ACCENT_COLOR_NAME = AccentColor;
				CODE_SIGN_STYLE = Automatic;
				ENABLE_PREVIEWS = YES;
				INFOPLIST_FILE = iOS/Info.plist;
				IPHONEOS_DEPLOYMENT_TARGET = 14.0;
				LD_RUNPATH_SEARCH_PATHS = (
					"$(inherited)",
					"@executable_path/Frameworks",
				);
				PRODUCT_BUNDLE_IDENTIFIER = BrightAnchor.WordScramble;
				PRODUCT_NAME = WordScramble;
				SDKROOT = iphoneos;
				SWIFT_VERSION = 5.0;
				TARGETED_DEVICE_FAMILY = "1,2";
			};
			name = Debug;
		};
		5334B82025F0669900FD1FCC /* Release */ = {
			isa = XCBuildConfiguration;
			buildSettings = {
				ASSETCATALOG_COMPILER_APPICON_NAME = AppIcon;
				ASSETCATALOG_COMPILER_GLOBAL_ACCENT_COLOR_NAME = AccentColor;
				CODE_SIGN_STYLE = Automatic;
				ENABLE_PREVIEWS = YES;
				INFOPLIST_FILE = iOS/Info.plist;
				IPHONEOS_DEPLOYMENT_TARGET = 14.0;
				LD_RUNPATH_SEARCH_PATHS = (
					"$(inherited)",
					"@executable_path/Frameworks",
				);
				PRODUCT_BUNDLE_IDENTIFIER = BrightAnchor.WordScramble;
				PRODUCT_NAME = WordScramble;
				SDKROOT = iphoneos;
				SWIFT_VERSION = 5.0;
				TARGETED_DEVICE_FAMILY = "1,2";
				VALIDATE_PRODUCT = YES;
			};
			name = Release;
		};
		5334B82225F0669900FD1FCC /* Debug */ = {
			isa = XCBuildConfiguration;
			buildSettings = {
				ASSETCATALOG_COMPILER_APPICON_NAME = AppIcon;
				ASSETCATALOG_COMPILER_GLOBAL_ACCENT_COLOR_NAME = AccentColor;
				CODE_SIGN_ENTITLEMENTS = macOS/macOS.entitlements;
				CODE_SIGN_STYLE = Automatic;
				COMBINE_HIDPI_IMAGES = YES;
				ENABLE_PREVIEWS = YES;
				INFOPLIST_FILE = macOS/Info.plist;
				LD_RUNPATH_SEARCH_PATHS = (
					"$(inherited)",
					"@executable_path/../Frameworks",
				);
				MACOSX_DEPLOYMENT_TARGET = 11.0;
				PRODUCT_BUNDLE_IDENTIFIER = BrightAnchor.WordScramble;
				PRODUCT_NAME = WordScramble;
				SDKROOT = macosx;
				SWIFT_VERSION = 5.0;
			};
			name = Debug;
		};
		5334B82325F0669900FD1FCC /* Release */ = {
			isa = XCBuildConfiguration;
			buildSettings = {
				ASSETCATALOG_COMPILER_APPICON_NAME = AppIcon;
				ASSETCATALOG_COMPILER_GLOBAL_ACCENT_COLOR_NAME = AccentColor;
				CODE_SIGN_ENTITLEMENTS = macOS/macOS.entitlements;
				CODE_SIGN_STYLE = Automatic;
				COMBINE_HIDPI_IMAGES = YES;
				ENABLE_PREVIEWS = YES;
				INFOPLIST_FILE = macOS/Info.plist;
				LD_RUNPATH_SEARCH_PATHS = (
					"$(inherited)",
					"@executable_path/../Frameworks",
				);
				MACOSX_DEPLOYMENT_TARGET = 11.0;
				PRODUCT_BUNDLE_IDENTIFIER = BrightAnchor.WordScramble;
				PRODUCT_NAME = WordScramble;
				SDKROOT = macosx;
				SWIFT_VERSION = 5.0;
			};
			name = Release;
		};
/* End XCBuildConfiguration section */

/* Begin XCConfigurationList section */
		5334B80125F0669700FD1FCC /* Build configuration list for PBXProject "WordScramble" */ = {
			isa = XCConfigurationList;
			buildConfigurations = (
				5334B81C25F0669900FD1FCC /* Debug */,
				5334B81D25F0669900FD1FCC /* Release */,
			);
			defaultConfigurationIsVisible = 0;
			defaultConfigurationName = Release;
		};
		5334B81E25F0669900FD1FCC /* Build configuration list for PBXNativeTarget "WordScramble (iOS)" */ = {
			isa = XCConfigurationList;
			buildConfigurations = (
				5334B81F25F0669900FD1FCC /* Debug */,
				5334B82025F0669900FD1FCC /* Release */,
			);
			defaultConfigurationIsVisible = 0;
			defaultConfigurationName = Release;
		};
		5334B82125F0669900FD1FCC /* Build configuration list for PBXNativeTarget "WordScramble (macOS)" */ = {
			isa = XCConfigurationList;
			buildConfigurations = (
				5334B82225F0669900FD1FCC /* Debug */,
				5334B82325F0669900FD1FCC /* Release */,
			);
			defaultConfigurationIsVisible = 0;
			defaultConfigurationName = Release;
		};
/* End XCConfigurationList section */
	};
	rootObject = 5334B7FE25F0669700FD1FCC /* Project object */;
}
